github.com/divinerites/plausible-hugo v1.21.1 h1:ZTWwjhZ0PmLMacCVGlcGiYFEZW7VaYE767tchDskOug=
github.com/divinerites/plausible-hugo v1.21.1/go.mod h1:cxr+YB3FUwbLon8KCs4pV4Ankbkq6lJxTQUpNb5KqPo=
github.com/imfing/hextra v0.7.3 h1:dVGA1NTcWe+FaUMdrawEypPfrrmulq5NoK0we3nC330=
github.com/imfing/hextra v0.7.3/go.mod h1:cEfel3lU/bSx7lTE/+uuR4GJaphyOyiwNR3PTqFTXpI=
github.com/imfing/hextra v0.7.4-0.20240305074729-22d4737b999e h1:vg7bf/IBg581Kj2LJutq45i/Z5NOg8e+x0QGT/YGg2c=
github.com/imfing/hextra v0.7.4-0.20240305074729-22d4737b999e/go.mod h1:cEfel3lU/bSx7lTE/+uuR4GJaphyOyiwNR3PTqFTXpI=
github.com/imfing/hextra v0.8.2 h1:/IykSIAywgKfhKUBgAW+dCCjrJWJNny4jr9qvdXfch0=
github.com/imfing/hextra v0.8.2/go.mod h1:cEfel3lU/bSx7lTE/+uuR4GJaphyOyiwNR3PTqFTXpI=
